
Microsoft Visual Studio Solution File, Format Version 12.00
# Visual Studio Version 17
VisualStudioVersion = 17.0.32112.339
MinimumVisualStudioVersion = 10.0.40219.1
Project("{2150E333-8FDC-42A3-9474-1A3956D46DE8}") = "Frontend", "Frontend", "{4683760A-D0B2-45AC-98BB-616F1E257E9D}"
EndProject
Project("{2150E333-8FDC-42A3-9474-1A3956D46DE8}") = "Services", "Services", "{03883493-B911-44AF-BD1C-1FD62441041D}"
EndProject
Project("{9A19103F-16F7-4668-BE54-9A1E7A4F7556}") = "RShopping.WEB", "RShopping.WEB\RShopping.WEB.csproj", "{3B1ED41E-51DC-453E-AF8D-7A8DC98B60BA}"
EndProject
Project("{9A19103F-16F7-4668-BE54-9A1E7A4F7556}") = "RShopping.ProductAPI", "RShopping.ProductAPI\RShopping.ProductAPI.csproj", "{42D3EDCE-96BE-41CD-A08C-45604632807D}"
EndProject
Project("{9A19103F-16F7-4668-BE54-9A1E7A4F7556}") = "RShopping.IdentityServer", "RShopping.IdentityServer\RShopping.IdentityServer.csproj", "{61C16E2E-2264-493B-AC47-CDCEC7FAFF1E}"
EndProject
Global
	GlobalSection(SolutionConfigurationPlatforms) = preSolution
		Debug|Any CPU = Debug|Any CPU
		Debug|x64 = Debug|x64
		Release|Any CPU = Release|Any CPU
		Release|x64 = Release|x64
	EndGlobalSection
	GlobalSection(ProjectConfigurationPlatforms) = postSolution
		{3B1ED41E-51DC-453E-AF8D-7A8DC98B60BA}.Debug|Any CPU.ActiveCfg = Debug|Any CPU
		{3B1ED41E-51DC-453E-AF8D-7A8DC98B60BA}.Debug|Any CPU.Build.0 = Debug|Any CPU
		{3B1ED41E-51DC-453E-AF8D-7A8DC98B60BA}.Debug|x64.ActiveCfg = Debug|x64
		{3B1ED41E-51DC-453E-AF8D-7A8DC98B60BA}.Debug|x64.Build.0 = Debug|x64
		{3B1ED41E-51DC-453E-AF8D-7A8DC98B60BA}.Release|Any CPU.ActiveCfg = Release|Any CPU
		{3B1ED41E-51DC-453E-AF8D-7A8DC98B60BA}.Release|Any CPU.Build.0 = Release|Any CPU
		{3B1ED41E-51DC-453E-AF8D-7A8DC98B60BA}.Release|x64.ActiveCfg = Release|x64
		{3B1ED41E-51DC-453E-AF8D-7A8DC98B60BA}.Release|x64.Build.0 = Release|x64
		{42D3EDCE-96BE-41CD-A08C-45604632807D}.Debug|Any CPU.ActiveCfg = Debug|Any CPU
		{42D3EDCE-96BE-41CD-A08C-45604632807D}.Debug|Any CPU.Build.0 = Debug|Any CPU
		{42D3EDCE-96BE-41CD-A08C-45604632807D}.Debug|x64.ActiveCfg = Debug|x64
		{42D3EDCE-96BE-41CD-A08C-45604632807D}.Debug|x64.Build.0 = Debug|x64
		{42D3EDCE-96BE-41CD-A08C-45604632807D}.Release|Any CPU.ActiveCfg = Release|Any CPU
		{42D3EDCE-96BE-41CD-A08C-45604632807D}.Release|Any CPU.Build.0 = Release|Any CPU
		{42D3EDCE-96BE-41CD-A08C-45604632807D}.Release|x64.ActiveCfg = Release|Any CPU
		{42D3EDCE-96BE-41CD-A08C-45604632807D}.Release|x64.Build.0 = Release|Any CPU
		{61C16E2E-2264-493B-AC47-CDCEC7FAFF1E}.Debug|Any CPU.ActiveCfg = Debug|Any CPU
		{61C16E2E-2264-493B-AC47-CDCEC7FAFF1E}.Debug|Any CPU.Build.0 = Debug|Any CPU
		{61C16E2E-2264-493B-AC47-CDCEC7FAFF1E}.Debug|x64.ActiveCfg = Debug|x64
		{61C16E2E-2264-493B-AC47-CDCEC7FAFF1E}.Debug|x64.Build.0 = Debug|x64
		{61C16E2E-2264-493B-AC47-CDCEC7FAFF1E}.Release|Any CPU.ActiveCfg = Release|Any CPU
		{61C16E2E-2264-493B-AC47-CDCEC7FAFF1E}.Release|Any CPU.Build.0 = Release|Any CPU
		{61C16E2E-2264-493B-AC47-CDCEC7FAFF1E}.Release|x64.ActiveCfg = Release|Any CPU
		{61C16E2E-2264-493B-AC47-CDCEC7FAFF1E}.Release|x64.Build.0 = Release|Any CPU
	EndGlobalSection
	GlobalSection(SolutionProperties) = preSolution
		HideSolutionNode = FALSE
	EndGlobalSection
	GlobalSection(NestedProjects) = preSolution
		{3B1ED41E-51DC-453E-AF8D-7A8DC98B60BA} = {4683760A-D0B2-45AC-98BB-616F1E257E9D}
		{42D3EDCE-96BE-41CD-A08C-45604632807D} = {03883493-B911-44AF-BD1C-1FD62441041D}
		{61C16E2E-2264-493B-AC47-CDCEC7FAFF1E} = {03883493-B911-44AF-BD1C-1FD62441041D}
	EndGlobalSection
	GlobalSection(ExtensibilityGlobals) = postSolution
		SolutionGuid = {112DCB91-3B9D-429B-A5ED-E7EA0DBD630D}
	EndGlobalSection
EndGlobal
